
Microsoft Visual Studio Solution File, Format Version 12.00
# Visual Studio Version 17
VisualStudioVersion = 17.11.35312.102
MinimumVisualStudioVersion = 10.0.40219.1
Project("{9A19103F-16F7-4668-BE54-9A1E7A4F7556}") = "NSIDictionaryService.Data", "NSIDictionaryService.Data\NSIDictionaryService.Data.csproj", "{6413E9A6-AEEF-4B11-8BEA-DB601D99328B}"
EndProject
Project("{9A19103F-16F7-4668-BE54-9A1E7A4F7556}") = "NSIDictionaryService.Share", "NSIDictionaryService.Share\NSIDictionaryService.Share.csproj", "{42399D27-E085-48C3-92AD-F3A97E6B4AEE}"
EndProject
Project("{9A19103F-16F7-4668-BE54-9A1E7A4F7556}") = "NSIDictionaryService.Api", "NSIDictionaryService.Api\NSIDictionaryService.Api.csproj", "{EE0CDA6B-5109-4613-98E1-851456CDA337}"
EndProject
Project("{9A19103F-16F7-4668-BE54-9A1E7A4F7556}") = "NSIDictionaryService.UI", "NSIDictionaryService.UI\NSIDictionaryService.UI.csproj", "{470099B5-DB7A-43FD-98F3-A8C1875D98C2}"
EndProject
Global
	GlobalSection(SolutionConfigurationPlatforms) = preSolution
		Debug|Any CPU = Debug|Any CPU
		Release|Any CPU = Release|Any CPU
	EndGlobalSection
	GlobalSection(ProjectConfigurationPlatforms) = postSolution
		{6413E9A6-AEEF-4B11-8BEA-DB601D99328B}.Debug|Any CPU.ActiveCfg = Debug|Any CPU
		{6413E9A6-AEEF-4B11-8BEA-DB601D99328B}.Debug|Any CPU.Build.0 = Debug|Any CPU
		{6413E9A6-AEEF-4B11-8BEA-DB601D99328B}.Release|Any CPU.ActiveCfg = Release|Any CPU
		{6413E9A6-AEEF-4B11-8BEA-DB601D99328B}.Release|Any CPU.Build.0 = Release|Any CPU
		{42399D27-E085-48C3-92AD-F3A97E6B4AEE}.Debug|Any CPU.ActiveCfg = Debug|Any CPU
		{42399D27-E085-48C3-92AD-F3A97E6B4AEE}.Debug|Any CPU.Build.0 = Debug|Any CPU
		{42399D27-E085-48C3-92AD-F3A97E6B4AEE}.Release|Any CPU.ActiveCfg = Release|Any CPU
		{42399D27-E085-48C3-92AD-F3A97E6B4AEE}.Release|Any CPU.Build.0 = Release|Any CPU
		{EE0CDA6B-5109-4613-98E1-851456CDA337}.Debug|Any CPU.ActiveCfg = Debug|Any CPU
		{EE0CDA6B-5109-4613-98E1-851456CDA337}.Debug|Any CPU.Build.0 = Debug|Any CPU
		{EE0CDA6B-5109-4613-98E1-851456CDA337}.Release|Any CPU.ActiveCfg = Release|Any CPU
		{EE0CDA6B-5109-4613-98E1-851456CDA337}.Release|Any CPU.Build.0 = Release|Any CPU
		{470099B5-DB7A-43FD-98F3-A8C1875D98C2}.Debug|Any CPU.ActiveCfg = Debug|Any CPU
		{470099B5-DB7A-43FD-98F3-A8C1875D98C2}.Debug|Any CPU.Build.0 = Debug|Any CPU
		{470099B5-DB7A-43FD-98F3-A8C1875D98C2}.Release|Any CPU.ActiveCfg = Release|Any CPU
		{470099B5-DB7A-43FD-98F3-A8C1875D98C2}.Release|Any CPU.Build.0 = Release|Any CPU
	EndGlobalSection
	GlobalSection(SolutionProperties) = preSolution
		HideSolutionNode = FALSE
	EndGlobalSection
	GlobalSection(ExtensibilityGlobals) = postSolution
		SolutionGuid = {C1FF6259-35E3-4EEF-819F-245958DE364C}
	EndGlobalSection
EndGlobal
